
Microsoft Visual Studio Solution File, Format Version 12.00
# Visual Studio Version 17
VisualStudioVersion = 17.8.34309.116
MinimumVisualStudioVersion = 10.0.40219.1
Project("{FAE04EC0-301F-11D3-BF4B-00C04F79EFBC}") = "EPE3_Cristofer_FloresS", "EPE3_Cristofer_FloresS\EPE3_Cristofer_FloresS.csproj", "{041EA30B-B63C-4466-B9F7-BDB7296216EB}"
EndProject
Global
	GlobalSection(SolutionConfigurationPlatforms) = preSolution
		Debug|Any CPU = Debug|Any CPU
		Release|Any CPU = Release|Any CPU
	EndGlobalSection
	GlobalSection(ProjectConfigurationPlatforms) = postSolution
		{041EA30B-B63C-4466-B9F7-BDB7296216EB}.Debug|Any CPU.ActiveCfg = Debug|Any CPU
		{041EA30B-B63C-4466-B9F7-BDB7296216EB}.Debug|Any CPU.Build.0 = Debug|Any CPU
		{041EA30B-B63C-4466-B9F7-BDB7296216EB}.Release|Any CPU.ActiveCfg = Release|Any CPU
		{041EA30B-B63C-4466-B9F7-BDB7296216EB}.Release|Any CPU.Build.0 = Release|Any CPU
	EndGlobalSection
	GlobalSection(SolutionProperties) = preSolution
		HideSolutionNode = FALSE
	EndGlobalSection
	GlobalSection(ExtensibilityGlobals) = postSolution
		SolutionGuid = {C7B99101-799D-4E5D-9591-48997D1D4020}
	EndGlobalSection
EndGlobal
